schema: '2.0'
stages:
  download:
    cmd:
    - curl -O http://www.manythings.org/anki/fra-eng.zip
    - unzip fra-eng.zip
    - rm _about.txt fra-eng.zip
    deps:
    - path: http://www.manythings.org/anki/fra-eng.zip
      checksum: '22212084778430219865163364038915568990'
      size: 6720195
    outs:
    - path: fra.txt
      md5: c81225a6f6e00dfa0fcdbbf3862528c2
      size: 29787538
  train:
    cmd: python train.py
    deps:
    - path: fra.txt
      md5: c81225a6f6e00dfa0fcdbbf3862528c2
      size: 29787538
    - path: train.py
      md5: 6dba33959b4cb49bf15be86eb2d7c5f1
      size: 4238
    params:
      params.py:
        batch_size: 64
        data_path: fra.txt
        epochs: 1
        latent_dim: 256
        num_samples: 10000
    outs:
    - path: results/metrics.json
      md5: 9fc8571f500332730b10cb7974f9ab25
      size: 210
    - path: results/plots
      md5: 8f46b4b089d754a3e00f2c45d6976681.dir
      size: 154
      nfiles: 4
    - path: s2s
      md5: 5c5d53abf66a92e2daf05c020cb073d8.dir
      size: 7229152
      nfiles: 4
