schema: '2.0'
stages:
  download:
    cmd:
    - curl -O http://www.manythings.org/anki/fra-eng.zip
    - unzip fra-eng.zip
    - rm _about.txt fra-eng.zip
    deps:
    - path: http://www.manythings.org/anki/fra-eng.zip
      checksum: '22212084778430219865163364038915568990'
      size: 6720195
    outs:
    - path: fra.txt
      md5: c81225a6f6e00dfa0fcdbbf3862528c2
      size: 29787538
  train:
    cmd: python train.py
    deps:
    - path: fra.txt
      md5: c81225a6f6e00dfa0fcdbbf3862528c2
      size: 29787538
    - path: train.py
      md5: 6dba33959b4cb49bf15be86eb2d7c5f1
      size: 4238
    params:
      params.py:
        batch_size: 64
        data_path: fra.txt
        epochs: 1
        latent_dim: 256
        num_samples: 10000
    outs:
    - path: results/metrics.json
      md5: 8fa6baedbf5aaead8a16f17696b4c5cd
      size: 209
    - path: results/plots
      md5: 2da008e5bbb0959e31d97db32fb815ac.dir
      size: 153
      nfiles: 4
    - path: s2s
      md5: 4d85e066469af67138ceecbb08cd96f9.dir
      size: 7228227
      nfiles: 5
