schema: '2.0'
stages:
  download:
    cmd:
    - curl -O http://www.manythings.org/anki/fra-eng.zip
    - unzip fra-eng.zip
    - rm _about.txt fra-eng.zip
    deps:
    - path: http://www.manythings.org/anki/fra-eng.zip
      checksum: '22212084778430219865163364038915568990'
      size: 6720195
    outs:
    - path: fra.txt
      md5: c81225a6f6e00dfa0fcdbbf3862528c2
      size: 29787538
  train:
    cmd: python train.py
    deps:
    - path: fra.txt
      md5: c81225a6f6e00dfa0fcdbbf3862528c2
      size: 29787538
    - path: train.py
      md5: 6dba33959b4cb49bf15be86eb2d7c5f1
      size: 4238
    params:
      params.py:
        batch_size: 64
        data_path: fra.txt
        epochs: 10
        latent_dim: 256
        num_samples: 10000
    outs:
    - path: results/metrics.json
      md5: 70f7a73e65b44fd9887123610d3b3070
      size: 208
    - path: results/plots
      md5: d5a221b904a387fab88e039e18bab598.dir
      size: 906
      nfiles: 4
    - path: s2s
      md5: ef04fd0f6c707ad8cc11a0bf0a802808.dir
      size: 7228970
      nfiles: 5
